
Microsoft Visual Studio Solution File, Format Version 12.00
# Visual Studio 14
VisualStudioVersion = 14.0.25420.1
MinimumVisualStudioVersion = 10.0.40219.1
Project("{E24C65DC-7377-472B-9ABA-BC803B73C61A}") = "Proekt", "..\..\WebSites\InternetTehnologii\Proekt\", "{4B55B240-5D0E-45C7-A479-13FA891FB3C6}"
	ProjectSection(WebsiteProperties) = preProject
		TargetFrameworkMoniker = ".NETFramework,Version%3Dv4.5.2"
		ProjectReferences = "{f27ea8ac-39a9-4123-b0b0-223461fd65f0}|DBAccess.dll;"
		Debug.AspNetCompiler.VirtualPath = "/localhost_55729"
		Debug.AspNetCompiler.PhysicalPath = "..\..\WebSites\InternetTehnologii\Proekt\"
		Debug.AspNetCompiler.TargetPath = "PrecompiledWeb\localhost_55729\"
		Debug.AspNetCompiler.Updateable = "true"
		Debug.AspNetCompiler.ForceOverwrite = "true"
		Debug.AspNetCompiler.FixedNames = "false"
		Debug.AspNetCompiler.Debug = "True"
		Release.AspNetCompiler.VirtualPath = "/localhost_55729"
		Release.AspNetCompiler.PhysicalPath = "..\..\WebSites\InternetTehnologii\Proekt\"
		Release.AspNetCompiler.TargetPath = "PrecompiledWeb\localhost_55729\"
		Release.AspNetCompiler.Updateable = "true"
		Release.AspNetCompiler.ForceOverwrite = "true"
		Release.AspNetCompiler.FixedNames = "false"
		Release.AspNetCompiler.Debug = "False"
		VWDPort = "55729"
		SlnRelativePath = "..\..\WebSites\InternetTehnologii\Proekt\"
		DefaultWebSiteLanguage = "Visual C#"
	EndProjectSection
EndProject
Project("{00D1A9C2-B5F0-4AF3-8072-F6C62B433612}") = "TicketDatabase", "TicketDatabase\TicketDatabase.sqlproj", "{864B80D8-7A49-40A0-BC9B-F63351F49741}"
EndProject
Project("{FAE04EC0-301F-11D3-BF4B-00C04F79EFBC}") = "DBAccess", "DBAccess\DBAccess.csproj", "{F27EA8AC-39A9-4123-B0B0-223461FD65F0}"
EndProject
Global
	GlobalSection(SolutionConfigurationPlatforms) = preSolution
		Debug|Any CPU = Debug|Any CPU
		Release|Any CPU = Release|Any CPU
	EndGlobalSection
	GlobalSection(ProjectConfigurationPlatforms) = postSolution
		{4B55B240-5D0E-45C7-A479-13FA891FB3C6}.Debug|Any CPU.ActiveCfg = Debug|Any CPU
		{4B55B240-5D0E-45C7-A479-13FA891FB3C6}.Debug|Any CPU.Build.0 = Debug|Any CPU
		{4B55B240-5D0E-45C7-A479-13FA891FB3C6}.Release|Any CPU.ActiveCfg = Debug|Any CPU
		{4B55B240-5D0E-45C7-A479-13FA891FB3C6}.Release|Any CPU.Build.0 = Debug|Any CPU
		{864B80D8-7A49-40A0-BC9B-F63351F49741}.Debug|Any CPU.ActiveCfg = Debug|Any CPU
		{864B80D8-7A49-40A0-BC9B-F63351F49741}.Debug|Any CPU.Build.0 = Debug|Any CPU
		{864B80D8-7A49-40A0-BC9B-F63351F49741}.Debug|Any CPU.Deploy.0 = Debug|Any CPU
		{864B80D8-7A49-40A0-BC9B-F63351F49741}.Release|Any CPU.ActiveCfg = Release|Any CPU
		{864B80D8-7A49-40A0-BC9B-F63351F49741}.Release|Any CPU.Build.0 = Release|Any CPU
		{864B80D8-7A49-40A0-BC9B-F63351F49741}.Release|Any CPU.Deploy.0 = Release|Any CPU
		{F27EA8AC-39A9-4123-B0B0-223461FD65F0}.Debug|Any CPU.ActiveCfg = Debug|Any CPU
		{F27EA8AC-39A9-4123-B0B0-223461FD65F0}.Debug|Any CPU.Build.0 = Debug|Any CPU
		{F27EA8AC-39A9-4123-B0B0-223461FD65F0}.Release|Any CPU.ActiveCfg = Release|Any CPU
		{F27EA8AC-39A9-4123-B0B0-223461FD65F0}.Release|Any CPU.Build.0 = Release|Any CPU
	EndGlobalSection
	GlobalSection(SolutionProperties) = preSolution
		HideSolutionNode = FALSE
	EndGlobalSection
EndGlobal
